
Microsoft Visual Studio Solution File, Format Version 12.00
# Visual Studio 15
VisualStudioVersion = 15.0.27703.2026
MinimumVisualStudioVersion = 10.0.40219.1
Project("{FAE04EC0-301F-11D3-BF4B-00C04F79EFBC}") = "DBMigrator.Core", "DBMigrator.Core\DBMigrator.Core.csproj", "{A2930990-E321-445F-9829-C05584AAD853}"
EndProject
Project("{FAE04EC0-301F-11D3-BF4B-00C04F79EFBC}") = "DBMigrator.Tests", "DBMigrator.Tests\DBMigrator.Tests.csproj", "{B5D9AAEB-C314-4715-B83B-BECCAEB90984}"
EndProject
Project("{FAE04EC0-301F-11D3-BF4B-00C04F79EFBC}") = "DBMigrator", "DBMigrator\DBMigrator.csproj", "{467A0B56-C1B7-4AF9-ADD4-FD57B4349066}"
EndProject
Global
	GlobalSection(SolutionConfigurationPlatforms) = preSolution
		Debug|Any CPU = Debug|Any CPU
		Release|Any CPU = Release|Any CPU
	EndGlobalSection
	GlobalSection(ProjectConfigurationPlatforms) = postSolution
		{A2930990-E321-445F-9829-C05584AAD853}.Debug|Any CPU.ActiveCfg = Debug|Any CPU
		{A2930990-E321-445F-9829-C05584AAD853}.Debug|Any CPU.Build.0 = Debug|Any CPU
		{A2930990-E321-445F-9829-C05584AAD853}.Release|Any CPU.ActiveCfg = Release|Any CPU
		{A2930990-E321-445F-9829-C05584AAD853}.Release|Any CPU.Build.0 = Release|Any CPU
		{B5D9AAEB-C314-4715-B83B-BECCAEB90984}.Debug|Any CPU.ActiveCfg = Debug|Any CPU
		{B5D9AAEB-C314-4715-B83B-BECCAEB90984}.Debug|Any CPU.Build.0 = Debug|Any CPU
		{B5D9AAEB-C314-4715-B83B-BECCAEB90984}.Release|Any CPU.ActiveCfg = Release|Any CPU
		{B5D9AAEB-C314-4715-B83B-BECCAEB90984}.Release|Any CPU.Build.0 = Release|Any CPU
		{467A0B56-C1B7-4AF9-ADD4-FD57B4349066}.Debug|Any CPU.ActiveCfg = Debug|Any CPU
		{467A0B56-C1B7-4AF9-ADD4-FD57B4349066}.Debug|Any CPU.Build.0 = Debug|Any CPU
		{467A0B56-C1B7-4AF9-ADD4-FD57B4349066}.Release|Any CPU.ActiveCfg = Release|Any CPU
		{467A0B56-C1B7-4AF9-ADD4-FD57B4349066}.Release|Any CPU.Build.0 = Release|Any CPU
	EndGlobalSection
	GlobalSection(SolutionProperties) = preSolution
		HideSolutionNode = FALSE
	EndGlobalSection
	GlobalSection(ExtensibilityGlobals) = postSolution
		SolutionGuid = {183C8500-DBA6-47CE-9679-2FBC3740991B}
	EndGlobalSection
EndGlobal
